// !$*UTF8*$!
{
	archiveVersion = 1;
	classes = {
	};
	objectVersion = 55;
	objects = {

/* Begin PBXBuildFile section */
		8036A73728D95BA700032189 /* AppDelegate.swift in Sources */ = {isa = PBXBuildFile; fileRef = 8036A73628D95BA700032189 /* AppDelegate.swift */; };
		8036A73928D95BA700032189 /* SceneDelegate.swift in Sources */ = {isa = PBXBuildFile; fileRef = 8036A73828D95BA700032189 /* SceneDelegate.swift */; };
		8036A73B28D95BA700032189 /* ViewController.swift in Sources */ = {isa = PBXBuildFile; fileRef = 8036A73A28D95BA700032189 /* ViewController.swift */; };
		8036A73E28D95BA700032189 /* Main.storyboard in Resources */ = {isa = PBXBuildFile; fileRef = 8036A73C28D95BA700032189 /* Main.storyboard */; };
		8036A74128D95BA700032189 /* PokemonGO.xcdatamodeld in Sources */ = {isa = PBXBuildFile; fileRef = 8036A73F28D95BA700032189 /* PokemonGO.xcdatamodeld */; };
		8036A74328D95BA800032189 /* Assets.xcassets in Resources */ = {isa = PBXBuildFile; fileRef = 8036A74228D95BA800032189 /* Assets.xcassets */; };
		8036A74628D95BA800032189 /* LaunchScreen.storyboard in Resources */ = {isa = PBXBuildFile; fileRef = 8036A74428D95BA800032189 /* LaunchScreen.storyboard */; };
		8036A74F28D95C0D00032189 /* MapKit.framework in Frameworks */ = {isa = PBXBuildFile; fileRef = 8036A74E28D95C0D00032189 /* MapKit.framework */; };
		8038C41729722567004C2DED /* CoredataPokemon.swift in Sources */ = {isa = PBXBuildFile; fileRef = 8038C41629722567004C2DED /* CoredataPokemon.swift */; };
		8038C41929763A84004C2DED /* PokemonAnnotation.swift in Sources */ = {isa = PBXBuildFile; fileRef = 8038C41829763A83004C2DED /* PokemonAnnotation.swift */; };
		8038C41B2981F5C3004C2DED /* PokedexViewController.swift in Sources */ = {isa = PBXBuildFile; fileRef = 8038C41A2981F5C3004C2DED /* PokedexViewController.swift */; };
/* End PBXBuildFile section */

/* Begin PBXFileReference section */
		8036A73328D95BA700032189 /* PokemonGO.app */ = {isa = PBXFileReference; explicitFileType = wrapper.application; includeInIndex = 0; path = PokemonGO.app; sourceTree = BUILT_PRODUCTS_DIR; };
		8036A73628D95BA700032189 /* AppDelegate.swift */ = {isa = PBXFileReference; lastKnownFileType = sourcecode.swift; path = AppDelegate.swift; sourceTree = "<group>"; };
		8036A73828D95BA700032189 /* SceneDelegate.swift */ = {isa = PBXFileReference; lastKnownFileType = sourcecode.swift; path = SceneDelegate.swift; sourceTree = "<group>"; };
		8036A73A28D95BA700032189 /* ViewController.swift */ = {isa = PBXFileReference; lastKnownFileType = sourcecode.swift; path = ViewController.swift; sourceTree = "<group>"; };
		8036A73D28D95BA700032189 /* Base */ = {isa = PBXFileReference; lastKnownFileType = file.storyboard; name = Base; path = Base.lproj/Main.storyboard; sourceTree = "<group>"; };
		8036A74028D95BA700032189 /* PokemonGO.xcdatamodel */ = {isa = PBXFileReference; lastKnownFileType = wrapper.xcdatamodel; path = PokemonGO.xcdatamodel; sourceTree = "<group>"; };
		8036A74228D95BA800032189 /* Assets.xcassets */ = {isa = PBXFileReference; lastKnownFileType = folder.assetcatalog; path = Assets.xcassets; sourceTree = "<group>"; };
		8036A74528D95BA800032189 /* Base */ = {isa = PBXFileReference; lastKnownFileType = file.storyboard; name = Base; path = Base.lproj/LaunchScreen.storyboard; sourceTree = "<group>"; };
		8036A74728D95BA800032189 /* Info.plist */ = {isa = PBXFileReference; lastKnownFileType = text.plist.xml; path = Info.plist; sourceTree = "<group>"; };
		8036A74E28D95C0D00032189 /* MapKit.framework */ = {isa = PBXFileReference; lastKnownFileType = wrapper.framework; name = MapKit.framework; path = System/Library/Frameworks/MapKit.framework; sourceTree = SDKROOT; };
		8038C41629722567004C2DED /* CoredataPokemon.swift */ = {isa = PBXFileReference; lastKnownFileType = sourcecode.swift; path = CoredataPokemon.swift; sourceTree = "<group>"; };
		8038C41829763A83004C2DED /* PokemonAnnotation.swift */ = {isa = PBXFileReference; lastKnownFileType = sourcecode.swift; path = PokemonAnnotation.swift; sourceTree = "<group>"; };
		8038C41A2981F5C3004C2DED /* PokedexViewController.swift */ = {isa = PBXFileReference; lastKnownFileType = sourcecode.swift; path = PokedexViewController.swift; sourceTree = "<group>"; };
/* End PBXFileReference section */

/* Begin PBXFrameworksBuildPhase section */
		8036A73028D95BA700032189 /* Frameworks */ = {
			isa = PBXFrameworksBuildPhase;
			buildActionMask = 2147483647;
			files = (
				8036A74F28D95C0D00032189 /* MapKit.framework in Frameworks */,
			);
			runOnlyForDeploymentPostprocessing = 0;
		};
/* End PBXFrameworksBuildPhase section */

/* Begin PBXGroup section */
		8036A72A28D95BA700032189 = {
			isa = PBXGroup;
			children = (
				8036A73528D95BA700032189 /* PokemonGO */,
				8036A73428D95BA700032189 /* Products */,
				8036A74D28D95C0D00032189 /* Frameworks */,
			);
			sourceTree = "<group>";
		};
		8036A73428D95BA700032189 /* Products */ = {
			isa = PBXGroup;
			children = (
				8036A73328D95BA700032189 /* PokemonGO.app */,
			);
			name = Products;
			sourceTree = "<group>";
		};
		8036A73528D95BA700032189 /* PokemonGO */ = {
			isa = PBXGroup;
			children = (
				8036A73628D95BA700032189 /* AppDelegate.swift */,
				8036A73828D95BA700032189 /* SceneDelegate.swift */,
				8036A73A28D95BA700032189 /* ViewController.swift */,
				8038C41829763A83004C2DED /* PokemonAnnotation.swift */,
				8038C41A2981F5C3004C2DED /* PokedexViewController.swift */,
				8038C41629722567004C2DED /* CoredataPokemon.swift */,
				8036A73C28D95BA700032189 /* Main.storyboard */,
				8036A74228D95BA800032189 /* Assets.xcassets */,
				8036A74428D95BA800032189 /* LaunchScreen.storyboard */,
				8036A74728D95BA800032189 /* Info.plist */,
				8036A73F28D95BA700032189 /* PokemonGO.xcdatamodeld */,
			);
			path = PokemonGO;
			sourceTree = "<group>";
		};
		8036A74D28D95C0D00032189 /* Frameworks */ = {
			isa = PBXGroup;
			children = (
				8036A74E28D95C0D00032189 /* MapKit.framework */,
			);
			name = Frameworks;
			sourceTree = "<group>";
		};
/* End PBXGroup section */

/* Begin PBXNativeTarget section */
		8036A73228D95BA700032189 /* PokemonGO */ = {
			isa = PBXNativeTarget;
			buildConfigurationList = 8036A74A28D95BA800032189 /* Build configuration list for PBXNativeTarget "PokemonGO" */;
			buildPhases = (
				8036A72F28D95BA700032189 /* Sources */,
				8036A73028D95BA700032189 /* Frameworks */,
				8036A73128D95BA700032189 /* Resources */,
			);
			buildRules = (
			);
			dependencies = (
			);
			name = PokemonGO;
			productName = PokemonGO;
			productReference = 8036A73328D95BA700032189 /* PokemonGO.app */;
			productType = "com.apple.product-type.application";
		};
/* End PBXNativeTarget section */

/* Begin PBXProject section */
		8036A72B28D95BA700032189 /* Project object */ = {
			isa = PBXProject;
			attributes = {
				BuildIndependentTargetsInParallel = 1;
				LastSwiftUpdateCheck = 1340;
				LastUpgradeCheck = 1340;
				TargetAttributes = {
					8036A73228D95BA700032189 = {
						CreatedOnToolsVersion = 13.4.1;
					};
				};
			};
			buildConfigurationList = 8036A72E28D95BA700032189 /* Build configuration list for PBXProject "PokemonGO" */;
			compatibilityVersion = "Xcode 13.0";
			developmentRegion = en;
			hasScannedForEncodings = 0;
			knownRegions = (
				en,
				Base,
			);
			mainGroup = 8036A72A28D95BA700032189;
			productRefGroup = 8036A73428D95BA700032189 /* Products */;
			projectDirPath = "";
			projectRoot = "";
			targets = (
				8036A73228D95BA700032189 /* PokemonGO */,
			);
		};
/* End PBXProject section */

/* Begin PBXResourcesBuildPhase section */
		8036A73128D95BA700032189 /* Resources */ = {
			isa = PBXResourcesBuildPhase;
			buildActionMask = 2147483647;
			files = (
				8036A74628D95BA800032189 /* LaunchScreen.storyboard in Resources */,
				8036A74328D95BA800032189 /* Assets.xcassets in Resources */,
				8036A73E28D95BA700032189 /* Main.storyboard in Resources */,
			);
			runOnlyForDeploymentPostprocessing = 0;
		};
/* End PBXResourcesBuildPhase section */

/* Begin PBXSourcesBuildPhase section */
		8036A72F28D95BA700032189 /* Sources */ = {
			isa = PBXSourcesBuildPhase;
			buildActionMask = 2147483647;
			files = (
				8036A73B28D95BA700032189 /* ViewController.swift in Sources */,
				8036A74128D95BA700032189 /* PokemonGO.xcdatamodeld in Sources */,
				8036A73728D95BA700032189 /* AppDelegate.swift in Sources */,
				8038C41729722567004C2DED /* CoredataPokemon.swift in Sources */,
				8038C41929763A84004C2DED /* PokemonAnnotation.swift in Sources */,
				8036A73928D95BA700032189 /* SceneDelegate.swift in Sources */,
				8038C41B2981F5C3004C2DED /* PokedexViewController.swift in Sources */,
			);
			runOnlyForDeploymentPostprocessing = 0;
		};
/* End PBXSourcesBuildPhase section */

/* Begin PBXVariantGroup section */
		8036A73C28D95BA700032189 /* Main.storyboard */ = {
			isa = PBXVariantGroup;
			children = (
				8036A73D28D95BA700032189 /* Base */,
			);
			name = Main.storyboard;
			sourceTree = "<group>";
		};
		8036A74428D95BA800032189 /* LaunchScreen.storyboard */ = {
			isa = PBXVariantGroup;
			children = (
				8036A74528D95BA800032189 /* Base */,
			);
			name = LaunchScreen.storyboard;
			sourceTree = "<group>";
		};
/* End PBXVariantGroup section */

/* Begin XCBuildConfiguration section */
		8036A74828D95BA800032189 /* Debug */ = {
			isa = XCBuildConfiguration;
			buildSettings = {
				ALWAYS_SEARCH_USER_PATHS = NO;
				CLANG_ANALYZER_NONNULL = YES;
				CLANG_ANALYZER_NUMBER_OBJECT_CONVERSION = YES_AGGRESSIVE;
				CLANG_CXX_LANGUAGE_STANDARD = "gnu++17";
				CLANG_ENABLE_MODULES = YES;
				CLANG_ENABLE_OBJC_ARC = YES;
				CLANG_ENABLE_OBJC_WEAK = YES;
				CLANG_WARN_BLOCK_CAPTURE_AUTORELEASING = YES;
				CLANG_WARN_BOOL_CONVERSION = YES;
				CLANG_WARN_COMMA = YES;
				CLANG_WARN_CONSTANT_CONVERSION = YES;
				CLANG_WARN_DEPRECATED_OBJC_IMPLEMENTATIONS = YES;
				CLANG_WARN_DIRECT_OBJC_ISA_USAGE = YES_ERROR;
				CLANG_WARN_DOCUMENTATION_COMMENTS = YES;
				CLANG_WARN_EMPTY_BODY = YES;
				CLANG_WARN_ENUM_CONVERSION = YES;
				CLANG_WARN_INFINITE_RECURSION = YES;
				CLANG_WARN_INT_CONVERSION = YES;
				CLANG_WARN_NON_LITERAL_NULL_CONVERSION = YES;
				CLANG_WARN_OBJC_IMPLICIT_RETAIN_SELF = YES;
				CLANG_WARN_OBJC_LITERAL_CONVERSION = YES;
				CLANG_WARN_OBJC_ROOT_CLASS = YES_ERROR;
				CLANG_WARN_QUOTED_INCLUDE_IN_FRAMEWORK_HEADER = YES;
				CLANG_WARN_RANGE_LOOP_ANALYSIS = YES;
				CLANG_WARN_STRICT_PROTOTYPES = YES;
				CLANG_WARN_SUSPICIOUS_MOVE = YES;
				CLANG_WARN_UNGUARDED_AVAILABILITY = YES_AGGRESSIVE;
				CLANG_WARN_UNREACHABLE_CODE = YES;
				CLANG_WARN__DUPLICATE_METHOD_MATCH = YES;
				COPY_PHASE_STRIP = NO;
				DEBUG_INFORMATION_FORMAT = dwarf;
				ENABLE_STRICT_OBJC_MSGSEND = YES;
				ENABLE_TESTABILITY = YES;
				GCC_C_LANGUAGE_STANDARD = gnu11;
				GCC_DYNAMIC_NO_PIC = NO;
				GCC_NO_COMMON_BLOCKS = YES;
				GCC_OPTIMIZATION_LEVEL = 0;
				GCC_PREPROCESSOR_DEFINITIONS = (
					"DEBUG=1",
					"$(inherited)",
				);
				GCC_WARN_64_TO_32_BIT_CONVERSION = YES;
				GCC_WARN_ABOUT_RETURN_TYPE = YES_ERROR;
				GCC_WARN_UNDECLARED_SELECTOR = YES;
				GCC_WARN_UNINITIALIZED_AUTOS = YES_AGGRESSIVE;
				GCC_WARN_UNUSED_FUNCTION = YES;
				GCC_WARN_UNUSED_VARIABLE = YES;
				IPHONEOS_DEPLOYMENT_TARGET = 15.5;
				MTL_ENABLE_DEBUG_INFO = INCLUDE_SOURCE;
				MTL_FAST_MATH = YES;
				ONLY_ACTIVE_ARCH = YES;
				SDKROOT = iphoneos;
				SWIFT_ACTIVE_COMPILATION_CONDITIONS = DEBUG;
				SWIFT_OPTIMIZATION_LEVEL = "-Onone";
			};
			name = Debug;
		};
		8036A74928D95BA800032189 /* Release */ = {
			isa = XCBuildConfiguration;
			buildSettings = {
				ALWAYS_SEARCH_USER_PATHS = NO;
				CLANG_ANALYZER_NONNULL = YES;
				CLANG_ANALYZER_NUMBER_OBJECT_CONVERSION = YES_AGGRESSIVE;
				CLANG_CXX_LANGUAGE_STANDARD = "gnu++17";
				CLANG_ENABLE_MODULES = YES;
				CLANG_ENABLE_OBJC_ARC = YES;
				CLANG_ENABLE_OBJC_WEAK = YES;
				CLANG_WARN_BLOCK_CAPTURE_AUTORELEASING = YES;
				CLANG_WARN_BOOL_CONVERSION = YES;
				CLANG_WARN_COMMA = YES;
				CLANG_WARN_CONSTANT_CONVERSION = YES;
				CLANG_WARN_DEPRECATED_OBJC_IMPLEMENTATIONS = YES;
				CLANG_WARN_DIRECT_OBJC_ISA_USAGE = YES_ERROR;
				CLANG_WARN_DOCUMENTATION_COMMENTS = YES;
				CLANG_WARN_EMPTY_BODY = YES;
				CLANG_WARN_ENUM_CONVERSION = YES;
				CLANG_WARN_INFINITE_RECURSION = YES;
				CLANG_WARN_INT_CONVERSION = YES;
				CLANG_WARN_NON_LITERAL_NULL_CONVERSION = YES;
				CLANG_WARN_OBJC_IMPLICIT_RETAIN_SELF = YES;
				CLANG_WARN_OBJC_LITERAL_CONVERSION = YES;
				CLANG_WARN_OBJC_ROOT_CLASS = YES_ERROR;
				CLANG_WARN_QUOTED_INCLUDE_IN_FRAMEWORK_HEADER = YES;
				CLANG_WARN_RANGE_LOOP_ANALYSIS = YES;
				CLANG_WARN_STRICT_PROTOTYPES = YES;
				CLANG_WARN_SUSPICIOUS_MOVE = YES;
				CLANG_WARN_UNGUARDED_AVAILABILITY = YES_AGGRESSIVE;
				CLANG_WARN_UNREACHABLE_CODE = YES;
				CLANG_WARN__DUPLICATE_METHOD_MATCH = YES;
				COPY_PHASE_STRIP = NO;
				DEBUG_INFORMATION_FORMAT = "dwarf-with-dsym";
				ENABLE_NS_ASSERTIONS = NO;
				ENABLE_STRICT_OBJC_MSGSEND = YES;
				GCC_C_LANGUAGE_STANDARD = gnu11;
				GCC_NO_COMMON_BLOCKS = YES;
				GCC_WARN_64_TO_32_BIT_CONVERSION = YES;
				GCC_WARN_ABOUT_RETURN_TYPE = YES_ERROR;
				GCC_WARN_UNDECLARED_SELECTOR = YES;
				GCC_WARN_UNINITIALIZED_AUTOS = YES_AGGRESSIVE;
				GCC_WARN_UNUSED_FUNCTION = YES;
				GCC_WARN_UNUSED_VARIABLE = YES;
				IPHONEOS_DEPLOYMENT_TARGET = 15.5;
				MTL_ENABLE_DEBUG_INFO = NO;
				MTL_FAST_MATH = YES;
				SDKROOT = iphoneos;
				SWIFT_COMPILATION_MODE = wholemodule;
				SWIFT_OPTIMIZATION_LEVEL = "-O";
				VALIDATE_PRODUCT = YES;
			};
			name = Release;
		};
		8036A74B28D95BA800032189 /* Debug */ = {
			isa = XCBuildConfiguration;
			buildSettings = {
				ASSETCATALOG_COMPILER_APPICON_NAME = AppIcon;
				ASSETCATALOG_COMPILER_GLOBAL_ACCENT_COLOR_NAME = AccentColor;
				CODE_SIGN_STYLE = Automatic;
				CURRENT_PROJECT_VERSION = 1;
				DEVELOPMENT_TEAM = 58K9AJ3U2M;
				GENERATE_INFOPLIST_FILE = YES;
				INFOPLIST_FILE = PokemonGO/Info.plist;
				INFOPLIST_KEY_UIApplicationSupportsIndirectInputEvents = YES;
				INFOPLIST_KEY_UILaunchStoryboardName = LaunchScreen;
				INFOPLIST_KEY_UIMainStoryboardFile = Main;
				INFOPLIST_KEY_UISupportedInterfaceOrientations_iPad = "UIInterfaceOrientationPortrait UIInterfaceOrientationPortraitUpsideDown UIInterfaceOrientationLandscapeLeft UIInterfaceOrientationLandscapeRight";
				INFOPLIST_KEY_UISupportedInterfaceOrientations_iPhone = "UIInterfaceOrientationPortrait UIInterfaceOrientationLandscapeLeft UIInterfaceOrientationLandscapeRight";
				LD_RUNPATH_SEARCH_PATHS = (
					"$(inherited)",
					"@executable_path/Frameworks",
				);
				MARKETING_VERSION = 1.0;
				PRODUCT_BUNDLE_IDENTIFIER = br.com.tempestadeideias.PokemonGO;
				PRODUCT_NAME = "$(TARGET_NAME)";
				SWIFT_EMIT_LOC_STRINGS = YES;
				SWIFT_VERSION = 5.0;
				TARGETED_DEVICE_FAMILY = "1,2";
			};
			name = Debug;
		};
		8036A74C28D95BA800032189 /* Release */ = {
			isa = XCBuildConfiguration;
			buildSettings = {
				ASSETCATALOG_COMPILER_APPICON_NAME = AppIcon;
				ASSETCATALOG_COMPILER_GLOBAL_ACCENT_COLOR_NAME = AccentColor;
				CODE_SIGN_STYLE = Automatic;
				CURRENT_PROJECT_VERSION = 1;
				DEVELOPMENT_TEAM = 58K9AJ3U2M;
				GENERATE_INFOPLIST_FILE = YES;
				INFOPLIST_FILE = PokemonGO/Info.plist;
				INFOPLIST_KEY_UIApplicationSupportsIndirectInputEvents = YES;
				INFOPLIST_KEY_UILaunchStoryboardName = LaunchScreen;
				INFOPLIST_KEY_UIMainStoryboardFile = Main;
				INFOPLIST_KEY_UISupportedInterfaceOrientations_iPad = "UIInterfaceOrientationPortrait UIInterfaceOrientationPortraitUpsideDown UIInterfaceOrientationLandscapeLeft UIInterfaceOrientationLandscapeRight";
				INFOPLIST_KEY_UISupportedInterfaceOrientations_iPhone = "UIInterfaceOrientationPortrait UIInterfaceOrientationLandscapeLeft UIInterfaceOrientationLandscapeRight";
				LD_RUNPATH_SEARCH_PATHS = (
					"$(inherited)",
					"@executable_path/Frameworks",
				);
				MARKETING_VERSION = 1.0;
				PRODUCT_BUNDLE_IDENTIFIER = br.com.tempestadeideias.PokemonGO;
				PRODUCT_NAME = "$(TARGET_NAME)";
				SWIFT_EMIT_LOC_STRINGS = YES;
				SWIFT_VERSION = 5.0;
				TARGETED_DEVICE_FAMILY = "1,2";
			};
			name = Release;
		};
/* End XCBuildConfiguration section */

/* Begin XCConfigurationList section */
		8036A72E28D95BA700032189 /* Build configuration list for PBXProject "PokemonGO" */ = {
			isa = XCConfigurationList;
			buildConfigurations = (
				8036A74828D95BA800032189 /* Debug */,
				8036A74928D95BA800032189 /* Release */,
			);
			defaultConfigurationIsVisible = 0;
			defaultConfigurationName = Release;
		};
		8036A74A28D95BA800032189 /* Build configuration list for PBXNativeTarget "PokemonGO" */ = {
			isa = XCConfigurationList;
			buildConfigurations = (
				8036A74B28D95BA800032189 /* Debug */,
				8036A74C28D95BA800032189 /* Release */,
			);
			defaultConfigurationIsVisible = 0;
			defaultConfigurationName = Release;
		};
/* End XCConfigurationList section */

/* Begin XCVersionGroup section */
		8036A73F28D95BA700032189 /* PokemonGO.xcdatamodeld */ = {
			isa = XCVersionGroup;
			children = (
				8036A74028D95BA700032189 /* PokemonGO.xcdatamodel */,
			);
			currentVersion = 8036A74028D95BA700032189 /* PokemonGO.xcdatamodel */;
			path = PokemonGO.xcdatamodeld;
			sourceTree = "<group>";
			versionGroupType = wrapper.xcdatamodel;
		};
/* End XCVersionGroup section */
	};
	rootObject = 8036A72B28D95BA700032189 /* Project object */;
}
